# This file is automatically @generated by Cargo.
# It is not intended for manual editing.
version = 4

[[package]]
name = "katu"
version = "0.1.0"
dependencies = [
 "katu-core",
 "katu-policy",
 "katu-providers",
 "katu-tools",
 "katu-tui",
]

[[package]]
name = "katu-core"
version = "0.1.0"
dependencies = [
 "katu-policy",
]

[[package]]
name = "katu-policy"
version = "0.1.0"

[[package]]
name = "katu-providers"
version = "0.1.0"
dependencies = [
 "katu-core",
]

[[package]]
name = "katu-tools"
version = "0.1.0"
dependencies = [
 "katu-core",
 "katu-policy",
]

[[package]]
name = "katu-tui"
version = "0.1.0"
dependencies = [
 "katu-core",
]

[[package]]
name = "xtask"
version = "0.1.0"
